
Microsoft Visual Studio Solution File, Format Version 12.00
# Visual Studio Version 17
VisualStudioVersion = 17.2.32630.192
MinimumVisualStudioVersion = 10.0.40219.1
Project("{FAE04EC0-301F-11D3-BF4B-00C04F79EFBC}") = "PW1", "PW1\PW1.csproj", "{D54269F1-CB05-4B88-98DA-A074C529F4F2}"
EndProject
Global
	GlobalSection(SolutionConfigurationPlatforms) = preSolution
		Debug|Any CPU = Debug|Any CPU
		Release|Any CPU = Release|Any CPU
	EndGlobalSection
	GlobalSection(ProjectConfigurationPlatforms) = postSolution
		{D54269F1-CB05-4B88-98DA-A074C529F4F2}.Debug|Any CPU.ActiveCfg = Debug|Any CPU
		{D54269F1-CB05-4B88-98DA-A074C529F4F2}.Debug|Any CPU.Build.0 = Debug|Any CPU
		{D54269F1-CB05-4B88-98DA-A074C529F4F2}.Release|Any CPU.ActiveCfg = Release|Any CPU
		{D54269F1-CB05-4B88-98DA-A074C529F4F2}.Release|Any CPU.Build.0 = Release|Any CPU
	EndGlobalSection
	GlobalSection(SolutionProperties) = preSolution
		HideSolutionNode = FALSE
	EndGlobalSection
	GlobalSection(ExtensibilityGlobals) = postSolution
		SolutionGuid = {04F55CFF-12B4-4F09-BDF0-5685425E4416}
	EndGlobalSection
EndGlobal
